
Microsoft Visual Studio Solution File, Format Version 12.00
# Visual Studio Version 17
VisualStudioVersion = 17.0.31903.59
MinimumVisualStudioVersion = 10.0.40219.1
Project("{FAE04EC0-301F-11D3-BF4B-00C04F79EFBC}") = "EchoPhase.Clients", "EchoPhase.Clients\EchoPhase.Clients.csproj", "{C94E98E4-918C-4F9B-8CDF-2AC473B95112}"
EndProject
Project("{FAE04EC0-301F-11D3-BF4B-00C04F79EFBC}") = "EchoPhase.Configuration", "EchoPhase.Configuration\EchoPhase.Configuration.csproj", "{91D58F35-6186-4A8D-BA45-C1894C543712}"
EndProject
Project("{FAE04EC0-301F-11D3-BF4B-00C04F79EFBC}") = "EchoPhase.Types", "EchoPhase.Types\EchoPhase.Types.csproj", "{B53402FF-8936-46F8-A0F8-C55135A29093}"
EndProject
Project("{FAE04EC0-301F-11D3-BF4B-00C04F79EFBC}") = "EchoPhase", "EchoPhase\EchoPhase.csproj", "{E1389D2F-6352-48FE-9FB0-F2DF79C3C0CB}"
EndProject
Project("{FAE04EC0-301F-11D3-BF4B-00C04F79EFBC}") = "EchoPhase.QRCodes", "EchoPhase.QRCodes\EchoPhase.QRCodes.csproj", "{E6A20017-F9C8-4F19-8DBE-43F9557B44BA}"
EndProject
Project("{FAE04EC0-301F-11D3-BF4B-00C04F79EFBC}") = "EchoPhase.Runners", "EchoPhase.Runners\EchoPhase.Runners.csproj", "{18286056-DB21-475E-96F7-101AAC76C6F1}"
EndProject
Project("{FAE04EC0-301F-11D3-BF4B-00C04F79EFBC}") = "EchoPhase.Scripting", "EchoPhase.Scripting\EchoPhase.Scripting.csproj", "{5EA878C9-CA41-4CEB-B040-EF29E76F9C3E}"
EndProject
Project("{FAE04EC0-301F-11D3-BF4B-00C04F79EFBC}") = "EchoPhase.Profilers", "EchoPhase.Profilers\EchoPhase.Profilers.csproj", "{D87475D7-0953-4120-962E-21CDC31B43B8}"
EndProject
Global
	GlobalSection(SolutionConfigurationPlatforms) = preSolution
		Debug|Any CPU = Debug|Any CPU
		Debug|x64 = Debug|x64
		Debug|x86 = Debug|x86
		Release|Any CPU = Release|Any CPU
		Release|x64 = Release|x64
		Release|x86 = Release|x86
	EndGlobalSection
	GlobalSection(ProjectConfigurationPlatforms) = postSolution
		{C94E98E4-918C-4F9B-8CDF-2AC473B95112}.Debug|Any CPU.ActiveCfg = Debug|Any CPU
		{C94E98E4-918C-4F9B-8CDF-2AC473B95112}.Debug|Any CPU.Build.0 = Debug|Any CPU
		{C94E98E4-918C-4F9B-8CDF-2AC473B95112}.Debug|x64.ActiveCfg = Debug|Any CPU
		{C94E98E4-918C-4F9B-8CDF-2AC473B95112}.Debug|x64.Build.0 = Debug|Any CPU
		{C94E98E4-918C-4F9B-8CDF-2AC473B95112}.Debug|x86.ActiveCfg = Debug|Any CPU
		{C94E98E4-918C-4F9B-8CDF-2AC473B95112}.Debug|x86.Build.0 = Debug|Any CPU
		{C94E98E4-918C-4F9B-8CDF-2AC473B95112}.Release|Any CPU.ActiveCfg = Release|Any CPU
		{C94E98E4-918C-4F9B-8CDF-2AC473B95112}.Release|Any CPU.Build.0 = Release|Any CPU
		{C94E98E4-918C-4F9B-8CDF-2AC473B95112}.Release|x64.ActiveCfg = Release|Any CPU
		{C94E98E4-918C-4F9B-8CDF-2AC473B95112}.Release|x64.Build.0 = Release|Any CPU
		{C94E98E4-918C-4F9B-8CDF-2AC473B95112}.Release|x86.ActiveCfg = Release|Any CPU
		{C94E98E4-918C-4F9B-8CDF-2AC473B95112}.Release|x86.Build.0 = Release|Any CPU
		{91D58F35-6186-4A8D-BA45-C1894C543712}.Debug|Any CPU.ActiveCfg = Debug|Any CPU
		{91D58F35-6186-4A8D-BA45-C1894C543712}.Debug|Any CPU.Build.0 = Debug|Any CPU
		{91D58F35-6186-4A8D-BA45-C1894C543712}.Debug|x64.ActiveCfg = Debug|Any CPU
		{91D58F35-6186-4A8D-BA45-C1894C543712}.Debug|x64.Build.0 = Debug|Any CPU
		{91D58F35-6186-4A8D-BA45-C1894C543712}.Debug|x86.ActiveCfg = Debug|Any CPU
		{91D58F35-6186-4A8D-BA45-C1894C543712}.Debug|x86.Build.0 = Debug|Any CPU
		{91D58F35-6186-4A8D-BA45-C1894C543712}.Release|Any CPU.ActiveCfg = Release|Any CPU
		{91D58F35-6186-4A8D-BA45-C1894C543712}.Release|Any CPU.Build.0 = Release|Any CPU
		{91D58F35-6186-4A8D-BA45-C1894C543712}.Release|x64.ActiveCfg = Release|Any CPU
		{91D58F35-6186-4A8D-BA45-C1894C543712}.Release|x64.Build.0 = Release|Any CPU
		{91D58F35-6186-4A8D-BA45-C1894C543712}.Release|x86.ActiveCfg = Release|Any CPU
		{91D58F35-6186-4A8D-BA45-C1894C543712}.Release|x86.Build.0 = Release|Any CPU
		{B53402FF-8936-46F8-A0F8-C55135A29093}.Debug|Any CPU.ActiveCfg = Debug|Any CPU
		{B53402FF-8936-46F8-A0F8-C55135A29093}.Debug|Any CPU.Build.0 = Debug|Any CPU
		{B53402FF-8936-46F8-A0F8-C55135A29093}.Debug|x64.ActiveCfg = Debug|Any CPU
		{B53402FF-8936-46F8-A0F8-C55135A29093}.Debug|x64.Build.0 = Debug|Any CPU
		{B53402FF-8936-46F8-A0F8-C55135A29093}.Debug|x86.ActiveCfg = Debug|Any CPU
		{B53402FF-8936-46F8-A0F8-C55135A29093}.Debug|x86.Build.0 = Debug|Any CPU
		{B53402FF-8936-46F8-A0F8-C55135A29093}.Release|Any CPU.ActiveCfg = Release|Any CPU
		{B53402FF-8936-46F8-A0F8-C55135A29093}.Release|Any CPU.Build.0 = Release|Any CPU
		{B53402FF-8936-46F8-A0F8-C55135A29093}.Release|x64.ActiveCfg = Release|Any CPU
		{B53402FF-8936-46F8-A0F8-C55135A29093}.Release|x64.Build.0 = Release|Any CPU
		{B53402FF-8936-46F8-A0F8-C55135A29093}.Release|x86.ActiveCfg = Release|Any CPU
		{B53402FF-8936-46F8-A0F8-C55135A29093}.Release|x86.Build.0 = Release|Any CPU
		{E1389D2F-6352-48FE-9FB0-F2DF79C3C0CB}.Debug|Any CPU.ActiveCfg = Debug|Any CPU
		{E1389D2F-6352-48FE-9FB0-F2DF79C3C0CB}.Debug|Any CPU.Build.0 = Debug|Any CPU
		{E1389D2F-6352-48FE-9FB0-F2DF79C3C0CB}.Debug|x64.ActiveCfg = Debug|Any CPU
		{E1389D2F-6352-48FE-9FB0-F2DF79C3C0CB}.Debug|x64.Build.0 = Debug|Any CPU
		{E1389D2F-6352-48FE-9FB0-F2DF79C3C0CB}.Debug|x86.ActiveCfg = Debug|Any CPU
		{E1389D2F-6352-48FE-9FB0-F2DF79C3C0CB}.Debug|x86.Build.0 = Debug|Any CPU
		{E1389D2F-6352-48FE-9FB0-F2DF79C3C0CB}.Release|Any CPU.ActiveCfg = Release|Any CPU
		{E1389D2F-6352-48FE-9FB0-F2DF79C3C0CB}.Release|Any CPU.Build.0 = Release|Any CPU
		{E1389D2F-6352-48FE-9FB0-F2DF79C3C0CB}.Release|x64.ActiveCfg = Release|Any CPU
		{E1389D2F-6352-48FE-9FB0-F2DF79C3C0CB}.Release|x64.Build.0 = Release|Any CPU
		{E1389D2F-6352-48FE-9FB0-F2DF79C3C0CB}.Release|x86.ActiveCfg = Release|Any CPU
		{E1389D2F-6352-48FE-9FB0-F2DF79C3C0CB}.Release|x86.Build.0 = Release|Any CPU
		{E6A20017-F9C8-4F19-8DBE-43F9557B44BA}.Debug|Any CPU.ActiveCfg = Debug|Any CPU
		{E6A20017-F9C8-4F19-8DBE-43F9557B44BA}.Debug|Any CPU.Build.0 = Debug|Any CPU
		{E6A20017-F9C8-4F19-8DBE-43F9557B44BA}.Debug|x64.ActiveCfg = Debug|Any CPU
		{E6A20017-F9C8-4F19-8DBE-43F9557B44BA}.Debug|x64.Build.0 = Debug|Any CPU
		{E6A20017-F9C8-4F19-8DBE-43F9557B44BA}.Debug|x86.ActiveCfg = Debug|Any CPU
		{E6A20017-F9C8-4F19-8DBE-43F9557B44BA}.Debug|x86.Build.0 = Debug|Any CPU
		{E6A20017-F9C8-4F19-8DBE-43F9557B44BA}.Release|Any CPU.ActiveCfg = Release|Any CPU
		{E6A20017-F9C8-4F19-8DBE-43F9557B44BA}.Release|Any CPU.Build.0 = Release|Any CPU
		{E6A20017-F9C8-4F19-8DBE-43F9557B44BA}.Release|x64.ActiveCfg = Release|Any CPU
		{E6A20017-F9C8-4F19-8DBE-43F9557B44BA}.Release|x64.Build.0 = Release|Any CPU
		{E6A20017-F9C8-4F19-8DBE-43F9557B44BA}.Release|x86.ActiveCfg = Release|Any CPU
		{E6A20017-F9C8-4F19-8DBE-43F9557B44BA}.Release|x86.Build.0 = Release|Any CPU
		{18286056-DB21-475E-96F7-101AAC76C6F1}.Debug|Any CPU.ActiveCfg = Debug|Any CPU
		{18286056-DB21-475E-96F7-101AAC76C6F1}.Debug|Any CPU.Build.0 = Debug|Any CPU
		{18286056-DB21-475E-96F7-101AAC76C6F1}.Debug|x64.ActiveCfg = Debug|Any CPU
		{18286056-DB21-475E-96F7-101AAC76C6F1}.Debug|x64.Build.0 = Debug|Any CPU
		{18286056-DB21-475E-96F7-101AAC76C6F1}.Debug|x86.ActiveCfg = Debug|Any CPU
		{18286056-DB21-475E-96F7-101AAC76C6F1}.Debug|x86.Build.0 = Debug|Any CPU
		{18286056-DB21-475E-96F7-101AAC76C6F1}.Release|Any CPU.ActiveCfg = Release|Any CPU
		{18286056-DB21-475E-96F7-101AAC76C6F1}.Release|Any CPU.Build.0 = Release|Any CPU
		{18286056-DB21-475E-96F7-101AAC76C6F1}.Release|x64.ActiveCfg = Release|Any CPU
		{18286056-DB21-475E-96F7-101AAC76C6F1}.Release|x64.Build.0 = Release|Any CPU
		{18286056-DB21-475E-96F7-101AAC76C6F1}.Release|x86.ActiveCfg = Release|Any CPU
		{18286056-DB21-475E-96F7-101AAC76C6F1}.Release|x86.Build.0 = Release|Any CPU
		{5EA878C9-CA41-4CEB-B040-EF29E76F9C3E}.Debug|Any CPU.ActiveCfg = Debug|Any CPU
		{5EA878C9-CA41-4CEB-B040-EF29E76F9C3E}.Debug|Any CPU.Build.0 = Debug|Any CPU
		{5EA878C9-CA41-4CEB-B040-EF29E76F9C3E}.Debug|x64.ActiveCfg = Debug|Any CPU
		{5EA878C9-CA41-4CEB-B040-EF29E76F9C3E}.Debug|x64.Build.0 = Debug|Any CPU
		{5EA878C9-CA41-4CEB-B040-EF29E76F9C3E}.Debug|x86.ActiveCfg = Debug|Any CPU
		{5EA878C9-CA41-4CEB-B040-EF29E76F9C3E}.Debug|x86.Build.0 = Debug|Any CPU
		{5EA878C9-CA41-4CEB-B040-EF29E76F9C3E}.Release|Any CPU.ActiveCfg = Release|Any CPU
		{5EA878C9-CA41-4CEB-B040-EF29E76F9C3E}.Release|Any CPU.Build.0 = Release|Any CPU
		{5EA878C9-CA41-4CEB-B040-EF29E76F9C3E}.Release|x64.ActiveCfg = Release|Any CPU
		{5EA878C9-CA41-4CEB-B040-EF29E76F9C3E}.Release|x64.Build.0 = Release|Any CPU
		{5EA878C9-CA41-4CEB-B040-EF29E76F9C3E}.Release|x86.ActiveCfg = Release|Any CPU
		{5EA878C9-CA41-4CEB-B040-EF29E76F9C3E}.Release|x86.Build.0 = Release|Any CPU
		{D87475D7-0953-4120-962E-21CDC31B43B8}.Debug|Any CPU.ActiveCfg = Debug|Any CPU
		{D87475D7-0953-4120-962E-21CDC31B43B8}.Debug|Any CPU.Build.0 = Debug|Any CPU
		{D87475D7-0953-4120-962E-21CDC31B43B8}.Debug|x64.ActiveCfg = Debug|Any CPU
		{D87475D7-0953-4120-962E-21CDC31B43B8}.Debug|x64.Build.0 = Debug|Any CPU
		{D87475D7-0953-4120-962E-21CDC31B43B8}.Debug|x86.ActiveCfg = Debug|Any CPU
		{D87475D7-0953-4120-962E-21CDC31B43B8}.Debug|x86.Build.0 = Debug|Any CPU
		{D87475D7-0953-4120-962E-21CDC31B43B8}.Release|Any CPU.ActiveCfg = Release|Any CPU
		{D87475D7-0953-4120-962E-21CDC31B43B8}.Release|Any CPU.Build.0 = Release|Any CPU
		{D87475D7-0953-4120-962E-21CDC31B43B8}.Release|x64.ActiveCfg = Release|Any CPU
		{D87475D7-0953-4120-962E-21CDC31B43B8}.Release|x64.Build.0 = Release|Any CPU
		{D87475D7-0953-4120-962E-21CDC31B43B8}.Release|x86.ActiveCfg = Release|Any CPU
		{D87475D7-0953-4120-962E-21CDC31B43B8}.Release|x86.Build.0 = Release|Any CPU
	EndGlobalSection
	GlobalSection(SolutionProperties) = preSolution
		HideSolutionNode = FALSE
	EndGlobalSection
EndGlobal
